{
  "name": "greeter-bot",
  "version": "1.0.0",
  "lockfileVersion": 1,
  "requires": true,
  "dependencies": {
    "@types/geojson": {
      "version": "1.0.6",
      "resolved": "https://registry.npmjs.org/@types/geojson/-/geojson-1.0.6.tgz",
      "integrity": "sha512-Xqg/lIZMrUd0VRmSRbCAewtwGZiAk3mEUDvV4op1tGl+LvyPcb/MIOSxTl9z+9+J+R4/vpjiCAT4xeKzH9ji1w=="
    },
    "@types/node": {
      "version": "10.5.1",
      "resolved": "https://registry.npmjs.org/@types/node/-/node-10.5.1.tgz",
      "integrity": "sha512-AFLl1IALIuyt6oK4AYZsgWVJ/5rnyzQWud7IebaZWWV3YmgtPZkQmYio9R5Ze/2pdd7XfqF5bP+hWS11mAKoOQ=="
    },
    "ansicolors": {
      "version": "0.2.1",
      "resolved": "https://registry.npmjs.org/ansicolors/-/ansicolors-0.2.1.tgz",
      "integrity": "sha1-vgiVmQl7dKXJxKhKDNvNtivYeu8="
    },
    "asn1": {
      "version": "0.1.11",
      "resolved": "https://registry.npmjs.org/asn1/-/asn1-0.1.11.tgz",
      "integrity": "sha1-VZvhg3bQik7E2+gId9J4GGObLfc="
    },
    "assert-plus": {
      "version": "0.1.5",
      "resolved": "https://registry.npmjs.org/assert-plus/-/assert-plus-0.1.5.tgz",
      "integrity": "sha1-7nQAlBMALYTOxyGcasgRgS5yMWA="
    },
    "async": {
      "version": "1.0.0",
      "resolved": "https://registry.npmjs.org/async/-/async-1.0.0.tgz",
      "integrity": "sha1-+PwEyjoTeErenhZBr5hXjPvWR6k="
    },
    "async-limiter": {
      "version": "1.0.0",
      "resolved": "https://registry.npmjs.org/async-limiter/-/async-limiter-1.0.0.tgz",
      "integrity": "sha512-jp/uFnooOiO+L211eZOoSyzpOITMXx1rBITauYykG3BRYPu8h0UcxsPNB04RR5vo4Tyz3+ay17tR6JVf9qzYWg=="
    },
    "aws-sign": {
      "version": "0.3.0",
      "resolved": "https://registry.npmjs.org/aws-sign/-/aws-sign-0.3.0.tgz",
      "integrity": "sha1-PYHKabR0seFlGHKLUcJP8Lvtxuk="
    },
    "bluebird": {
      "version": "3.5.1",
      "resolved": "https://registry.npmjs.org/bluebird/-/bluebird-3.5.1.tgz",
      "integrity": "sha512-MKiLiV+I1AA596t9w1sQJ8jkiSr5+ZKi0WKrYGUn6d1Fx+Ij4tIj+m2WMQSGczs5jZVxV339chE8iwk6F64wjA=="
    },
    "boom": {
      "version": "0.4.2",
      "resolved": "https://registry.npmjs.org/boom/-/boom-0.4.2.tgz",
      "integrity": "sha1-emNune1O/O+xnO9JR6PGffrukRs=",
      "requires": {
        "hoek": "0.9.1"
      }
    },
    "capture-stack-trace": {
      "version": "1.0.0",
      "resolved": "https://registry.npmjs.org/capture-stack-trace/-/capture-stack-trace-1.0.0.tgz",
      "integrity": "sha1-Sm+gc5nCa7pH8LJJa00PtAjFVQ0="
    },
    "cardinal": {
      "version": "1.0.0",
      "resolved": "https://registry.npmjs.org/cardinal/-/cardinal-1.0.0.tgz",
      "integrity": "sha1-UOIcGwqjdyn5N33vGWtanOyTLuk=",
      "requires": {
        "ansicolors": "0.2.1",
        "redeyed": "1.0.1"
      }
    },
    "cjopus": {
      "version": "0.0.4",
      "resolved": "https://registry.npmjs.org/cjopus/-/cjopus-0.0.4.tgz",
      "integrity": "sha1-RvPPyWuD99eERt6LTP2ZS1iJqaA="
    },
    "cls-bluebird": {
      "version": "2.1.0",
      "resolved": "https://registry.npmjs.org/cls-bluebird/-/cls-bluebird-2.1.0.tgz",
      "integrity": "sha1-N+8eCAqP+1XC9BZPU28ZGeeWiu4=",
      "requires": {
        "is-bluebird": "1.0.2",
        "shimmer": "1.2.0"
      }
    },
    "colors": {
      "version": "1.0.3",
      "resolved": "https://registry.npmjs.org/colors/-/colors-1.0.3.tgz",
      "integrity": "sha1-BDP0TYCWgP3rYO0mDxsMJi6CpAs="
    },
    "combined-stream": {
      "version": "0.0.7",
      "resolved": "https://registry.npmjs.org/combined-stream/-/combined-stream-0.0.7.tgz",
      "integrity": "sha1-ATfmV7qlp1QcV6w3rF/AfXO03B8=",
      "requires": {
        "delayed-stream": "0.0.5"
      }
    },
    "configstore": {
      "version": "2.1.0",
      "resolved": "https://registry.npmjs.org/configstore/-/configstore-2.1.0.tgz",
      "integrity": "sha1-c3o6cDbpiGECqmCZ5HuzOrGroaE=",
      "requires": {
        "dot-prop": "3.0.0",
        "graceful-fs": "4.1.11",
        "mkdirp": "0.5.1",
        "object-assign": "4.1.1",
        "os-tmpdir": "1.0.2",
        "osenv": "0.1.5",
        "uuid": "2.0.3",
        "write-file-atomic": "1.3.4",
        "xdg-basedir": "2.0.0"
      }
    },
    "cookie-jar": {
      "version": "0.3.0",
      "resolved": "https://registry.npmjs.org/cookie-jar/-/cookie-jar-0.3.0.tgz",
      "integrity": "sha1-vJon1OK5fhhs1XyeIGPLmfpozMw="
    },
    "core-util-is": {
      "version": "1.0.2",
      "resolved": "https://registry.npmjs.org/core-util-is/-/core-util-is-1.0.2.tgz",
      "integrity": "sha1-tf1UIgqivFq1eqtxQMlAdUUDwac="
    },
    "create-error-class": {
      "version": "3.0.2",
      "resolved": "https://registry.npmjs.org/create-error-class/-/create-error-class-3.0.2.tgz",
      "integrity": "sha1-Br56vvlHo/FKMP1hBnHUAbyot7Y=",
      "requires": {
        "capture-stack-trace": "1.0.0"
      }
    },
    "crequest": {
      "version": "git+https://github.com/mojodna/node-crequest.git#76b5bb016d9558326ed8fe3281a372a23785bd80",
      "requires": {
        "request": "2.27.0"
      }
    },
    "cryptiles": {
      "version": "0.2.2",
      "resolved": "https://registry.npmjs.org/cryptiles/-/cryptiles-0.2.2.tgz",
      "integrity": "sha1-7ZH/HxetE9N0gohZT4pIoNJvMlw=",
      "requires": {
        "boom": "0.4.2"
      }
    },
    "ctype": {
      "version": "0.5.3",
      "resolved": "https://registry.npmjs.org/ctype/-/ctype-0.5.3.tgz",
      "integrity": "sha1-gsGMJGH3QRTvFsE1IkrQuRRMoS8="
    },
    "cycle": {
      "version": "1.0.3",
      "resolved": "https://registry.npmjs.org/cycle/-/cycle-1.0.3.tgz",
      "integrity": "sha1-IegLK+hYD5i0aPN5QwZisEbDStI="
    },
    "debug": {
      "version": "3.1.0",
      "resolved": "https://registry.npmjs.org/debug/-/debug-3.1.0.tgz",
      "integrity": "sha512-OX8XqP7/1a9cqkxYw2yXss15f26NKWBpDXQd0/uK/KPqdQhxbPa994hnzjcE2VqQpDslf55723cKPUOGSmMY3g==",
      "requires": {
        "ms": "2.0.0"
      }
    },
    "delayed-stream": {
      "version": "0.0.5",
      "resolved": "https://registry.npmjs.org/delayed-stream/-/delayed-stream-0.0.5.tgz",
      "integrity": "sha1-1LH0OpPoKW3+AmlPRoC8N6MTxz8="
    },
    "denque": {
      "version": "1.2.3",
      "resolved": "https://registry.npmjs.org/denque/-/denque-1.2.3.tgz",
      "integrity": "sha512-BOjyD1zPf7gqgXlXBCnCsz84cbRNfqpQNvWOUiw3Onu9s7a2afW2LyHzctoie/2KELfUoZkNHTnW02C3hCU20w=="
    },
    "depd": {
      "version": "1.1.2",
      "resolved": "https://registry.npmjs.org/depd/-/depd-1.1.2.tgz",
      "integrity": "sha1-m81S4UwJd2PnSbJ0xDRu0uVgtak="
    },
    "discord.io": {
      "version": "2.5.3",
      "resolved": "https://registry.npmjs.org/discord.io/-/discord.io-2.5.3.tgz",
      "integrity": "sha1-otudqkBXgxpY7Mp177lAt3mdQ18=",
      "requires": {
        "cjopus": "0.0.4",
        "tweetnacl": "0.14.5",
        "ws": "1.1.5"
      }
    },
    "discord.js": {
      "version": "11.3.2",
      "resolved": "https://registry.npmjs.org/discord.js/-/discord.js-11.3.2.tgz",
      "integrity": "sha512-Abw9CTMX3Jb47IeRffqx2VNSnXl/OsTdQzhvbw/JnqCyqc2imAocc7pX2HoRmgKd8CgSqsjBFBneusz/E16e6A==",
      "requires": {
        "long": "4.0.0",
        "prism-media": "0.0.2",
        "snekfetch": "3.6.4",
        "tweetnacl": "1.0.0",
        "ws": "4.1.0"
      },
      "dependencies": {
        "tweetnacl": {
          "version": "1.0.0",
          "resolved": "https://registry.npmjs.org/tweetnacl/-/tweetnacl-1.0.0.tgz",
          "integrity": "sha1-cT2LgY2kIGh0C/aDhtBHnmb8ins="
        },
        "ws": {
          "version": "4.1.0",
          "resolved": "https://registry.npmjs.org/ws/-/ws-4.1.0.tgz",
          "integrity": "sha512-ZGh/8kF9rrRNffkLFV4AzhvooEclrOH0xaugmqGsIfFgOE/pIz4fMc4Ef+5HSQqTEug2S9JZIWDR47duDSLfaA==",
          "requires": {
            "async-limiter": "1.0.0",
            "safe-buffer": "5.1.2"
          }
        }
      }
    },
    "dot-prop": {
      "version": "3.0.0",
      "resolved": "https://registry.npmjs.org/dot-prop/-/dot-prop-3.0.0.tgz",
      "integrity": "sha1-G3CK8JSknJoOfbyteQq6U52sEXc=",
      "requires": {
        "is-obj": "1.0.1"
      }
    },
    "dotenv": {
      "version": "6.0.0",
      "resolved": "https://registry.npmjs.org/dotenv/-/dotenv-6.0.0.tgz",
      "integrity": "sha512-FlWbnhgjtwD+uNLUGHbMykMOYQaTivdHEmYwAKFjn6GKe/CqY0fNae93ZHTd20snh9ZLr8mTzIL9m0APQ1pjQg=="
    },
    "dottie": {
      "version": "2.0.0",
      "resolved": "https://registry.npmjs.org/dottie/-/dottie-2.0.0.tgz",
      "integrity": "sha1-2hkZgci41xPKARXViYzzl8Lw3dA="
    },
    "duplexer3": {
      "version": "0.1.4",
      "resolved": "https://registry.npmjs.org/duplexer3/-/duplexer3-0.1.4.tgz",
      "integrity": "sha1-7gHdHKwO08vH/b6jfcCo8c4ALOI="
    },
    "esprima": {
      "version": "3.0.0",
      "resolved": "https://registry.npmjs.org/esprima/-/esprima-3.0.0.tgz",
      "integrity": "sha1-U88kes2ncxPlUcOqLnM0LT+099k="
    },
    "expr-eval": {
      "version": "1.2.1",
      "resolved": "https://registry.npmjs.org/expr-eval/-/expr-eval-1.2.1.tgz",
      "integrity": "sha1-FCXK9NfMt0Oc5y0EiLIMP25Oolo="
    },
    "eyes": {
      "version": "0.1.8",
      "resolved": "https://registry.npmjs.org/eyes/-/eyes-0.1.8.tgz",
      "integrity": "sha1-Ys8SAjTGg3hdkCNIqADvPgzCC8A="
    },
    "forever-agent": {
      "version": "0.5.2",
      "resolved": "https://registry.npmjs.org/forever-agent/-/forever-agent-0.5.2.tgz",
      "integrity": "sha1-bQ4JxJIflKJ/Y9O0nF/v8epMUTA="
    },
    "form-data": {
      "version": "0.1.4",
      "resolved": "https://registry.npmjs.org/form-data/-/form-data-0.1.4.tgz",
      "integrity": "sha1-kavXiKupcCsaq/qLwBAxoqyeOxI=",
      "requires": {
        "async": "0.9.2",
        "combined-stream": "0.0.7",
        "mime": "1.2.11"
      },
      "dependencies": {
        "async": {
          "version": "0.9.2",
          "resolved": "https://registry.npmjs.org/async/-/async-0.9.2.tgz",
          "integrity": "sha1-rqdNXmHB+JlhO/ZL2mbUx48v0X0="
        }
      }
    },
    "generate-function": {
      "version": "2.0.0",
      "resolved": "https://registry.npmjs.org/generate-function/-/generate-function-2.0.0.tgz",
      "integrity": "sha1-aFj+fAlpt9TpCTM3ZHrHn2DfvnQ="
    },
    "generic-pool": {
      "version": "3.4.2",
      "resolved": "https://registry.npmjs.org/generic-pool/-/generic-pool-3.4.2.tgz",
      "integrity": "sha512-H7cUpwCQSiJmAHM4c/aFu6fUfrhWXW1ncyh8ftxEPMu6AiYkHw9K8br720TGPZJbk5eOH2bynjZD1yPvdDAmag=="
    },
    "get-stream": {
      "version": "3.0.0",
      "resolved": "https://registry.npmjs.org/get-stream/-/get-stream-3.0.0.tgz",
      "integrity": "sha1-jpQ9E1jcN1VQVOy+LtsFqhdO3hQ="
    },
    "google-translate-api": {
      "version": "2.3.0",
      "resolved": "https://registry.npmjs.org/google-translate-api/-/google-translate-api-2.3.0.tgz",
      "integrity": "sha1-YmcwoSPaDVevNzXdcHzacc7pGcc=",
      "requires": {
        "configstore": "2.1.0",
        "google-translate-token": "1.0.0",
        "got": "6.7.1",
        "safe-eval": "0.3.0"
      }
    },
    "google-translate-token": {
      "version": "1.0.0",
      "resolved": "https://registry.npmjs.org/google-translate-token/-/google-translate-token-1.0.0.tgz",
      "integrity": "sha1-vpQ0RXhvAMN2Xewx9JDawhIo0/g=",
      "requires": {
        "configstore": "2.1.0",
        "got": "6.7.1"
      }
    },
    "got": {
      "version": "6.7.1",
      "resolved": "https://registry.npmjs.org/got/-/got-6.7.1.tgz",
      "integrity": "sha1-JAzQV4WpoY5WHcG0S0HHY+8ejbA=",
      "requires": {
        "create-error-class": "3.0.2",
        "duplexer3": "0.1.4",
        "get-stream": "3.0.0",
        "is-redirect": "1.0.0",
        "is-retry-allowed": "1.1.0",
        "is-stream": "1.1.0",
        "lowercase-keys": "1.0.1",
        "safe-buffer": "5.1.2",
        "timed-out": "4.0.1",
        "unzip-response": "2.0.1",
        "url-parse-lax": "1.0.0"
      }
    },
    "graceful-fs": {
      "version": "4.1.11",
      "resolved": "https://registry.npmjs.org/graceful-fs/-/graceful-fs-4.1.11.tgz",
      "integrity": "sha1-Dovf5NHduIVNZOBOp8AOKgJuVlg="
    },
    "hawk": {
      "version": "1.0.0",
      "resolved": "https://registry.npmjs.org/hawk/-/hawk-1.0.0.tgz",
      "integrity": "sha1-uQuxaYByhUEdp//LjdJZhQLTtS0=",
      "requires": {
        "boom": "0.4.2",
        "cryptiles": "0.2.2",
        "hoek": "0.9.1",
        "sntp": "0.2.4"
      }
    },
    "hoek": {
      "version": "0.9.1",
      "resolved": "https://registry.npmjs.org/hoek/-/hoek-0.9.1.tgz",
      "integrity": "sha1-PTIkYrrfB3Fup+uFuviAec3c5QU="
    },
    "http-signature": {
      "version": "0.10.1",
      "resolved": "https://registry.npmjs.org/http-signature/-/http-signature-0.10.1.tgz",
      "integrity": "sha1-T72sEyVZqoMjEh5UB3nAoBKyfmY=",
      "requires": {
        "asn1": "0.1.11",
        "assert-plus": "0.1.5",
        "ctype": "0.5.3"
      }
    },
    "iconv-lite": {
      "version": "0.4.23",
      "resolved": "https://registry.npmjs.org/iconv-lite/-/iconv-lite-0.4.23.tgz",
      "integrity": "sha512-neyTUVFtahjf0mB3dZT77u+8O0QB89jFdnBkd5P1JgYPbPaia3gXXOVL2fq8VyU2gMMD7SaN7QukTB/pmXYvDA==",
      "requires": {
        "safer-buffer": "2.1.2"
      }
    },
    "imurmurhash": {
      "version": "0.1.4",
      "resolved": "https://registry.npmjs.org/imurmurhash/-/imurmurhash-0.1.4.tgz",
      "integrity": "sha1-khi5srkoojixPcT7a21XbyMUU+o="
    },
    "inflection": {
      "version": "1.12.0",
      "resolved": "https://registry.npmjs.org/inflection/-/inflection-1.12.0.tgz",
      "integrity": "sha1-ogCTVlbW9fa8TcdQLhrstwMihBY="
    },
    "inherits": {
      "version": "2.0.3",
      "resolved": "https://registry.npmjs.org/inherits/-/inherits-2.0.3.tgz",
      "integrity": "sha1-Yzwsg+PaQqUC9SRmAiSA9CCCYd4="
    },
    "is-bluebird": {
      "version": "1.0.2",
      "resolved": "https://registry.npmjs.org/is-bluebird/-/is-bluebird-1.0.2.tgz",
      "integrity": "sha1-CWQ5Bg9KpBGr7hkUOoTWpVNG1uI="
    },
    "is-obj": {
      "version": "1.0.1",
      "resolved": "https://registry.npmjs.org/is-obj/-/is-obj-1.0.1.tgz",
      "integrity": "sha1-PkcprB9f3gJc19g6iW2rn09n2w8="
    },
    "is-redirect": {
      "version": "1.0.0",
      "resolved": "https://registry.npmjs.org/is-redirect/-/is-redirect-1.0.0.tgz",
      "integrity": "sha1-HQPd7VO9jbDzDCbk+V02/HyH3CQ="
    },
    "is-retry-allowed": {
      "version": "1.1.0",
      "resolved": "https://registry.npmjs.org/is-retry-allowed/-/is-retry-allowed-1.1.0.tgz",
      "integrity": "sha1-EaBgVotnM5REAz0BJaYaINVk+zQ="
    },
    "is-stream": {
      "version": "1.1.0",
      "resolved": "https://registry.npmjs.org/is-stream/-/is-stream-1.1.0.tgz",
      "integrity": "sha1-EtSj3U5o4Lec6428hBc66A2RykQ="
    },
    "isarray": {
      "version": "1.0.0",
      "resolved": "https://registry.npmjs.org/isarray/-/isarray-1.0.0.tgz",
      "integrity": "sha1-u5NdSFgsuhaMBoNJV6VKPgcSTxE="
    },
    "isstream": {
      "version": "0.1.2",
      "resolved": "https://registry.npmjs.org/isstream/-/isstream-0.1.2.tgz",
      "integrity": "sha1-R+Y/evVa+m+S4VAOaQ64uFKcCZo="
    },
    "json-stringify-safe": {
      "version": "5.0.1",
      "resolved": "https://registry.npmjs.org/json-stringify-safe/-/json-stringify-safe-5.0.1.tgz",
      "integrity": "sha1-Epai1Y/UXxmg9s4B1lcB4sc1tus="
    },
    "lodash": {
      "version": "4.17.10",
      "resolved": "https://registry.npmjs.org/lodash/-/lodash-4.17.10.tgz",
      "integrity": "sha512-UejweD1pDoXu+AD825lWwp4ZGtSwgnpZxb3JDViD7StjQz+Nb/6l093lx4OQ0foGWNRoc19mWy7BzL+UAK2iVg=="
    },
    "long": {
      "version": "4.0.0",
      "resolved": "https://registry.npmjs.org/long/-/long-4.0.0.tgz",
      "integrity": "sha512-XsP+KhQif4bjX1kbuSiySJFNAehNxgLb6hPRGJ9QsUr8ajHkuXGdrHmFUTUUXhDwVX2R5bY4JNZEwbUiMhV+MA=="
    },
    "lowercase-keys": {
      "version": "1.0.1",
      "resolved": "https://registry.npmjs.org/lowercase-keys/-/lowercase-keys-1.0.1.tgz",
      "integrity": "sha512-G2Lj61tXDnVFFOi8VZds+SoQjtQC3dgokKdDG2mTm1tx4m50NUHBOZSBwQQHyy0V12A0JTG4icfZQH+xPyh8VA=="
    },
    "lru-cache": {
      "version": "4.1.1",
      "resolved": "https://registry.npmjs.org/lru-cache/-/lru-cache-4.1.1.tgz",
      "integrity": "sha512-q4spe4KTfsAS1SUHLO0wz8Qiyf1+vMIAgpRYioFYDMNqKfHQbg+AVDH3i4fvpl71/P1L0dBl+fQi+P37UYf0ew==",
      "requires": {
        "pseudomap": "1.0.2",
        "yallist": "2.1.2"
      }
    },
    "mime": {
      "version": "1.2.11",
      "resolved": "https://registry.npmjs.org/mime/-/mime-1.2.11.tgz",
      "integrity": "sha1-WCA+7Ybjpe8XrtK32evUfwpg3RA="
    },
    "minimist": {
      "version": "0.0.8",
      "resolved": "https://registry.npmjs.org/minimist/-/minimist-0.0.8.tgz",
      "integrity": "sha1-hX/Kv8M5fSYluCKCYuhqp6ARsF0="
    },
    "mkdirp": {
      "version": "0.5.1",
      "resolved": "https://registry.npmjs.org/mkdirp/-/mkdirp-0.5.1.tgz",
      "integrity": "sha1-MAV0OOrGz3+MR2fzhkjWaX11yQM=",
      "requires": {
        "minimist": "0.0.8"
      }
    },
    "moment": {
      "version": "2.22.2",
      "resolved": "https://registry.npmjs.org/moment/-/moment-2.22.2.tgz",
      "integrity": "sha1-PCV/mDn8DpP/UxSWMiOeuQeD/2Y="
    },
    "moment-timezone": {
      "version": "0.5.21",
      "resolved": "https://registry.npmjs.org/moment-timezone/-/moment-timezone-0.5.21.tgz",
      "integrity": "sha512-j96bAh4otsgj3lKydm3K7kdtA3iKf2m6MY2iSYCzCm5a1zmHo1g+aK3068dDEeocLZQIS9kU8bsdQHLqEvgW0A==",
      "requires": {
        "moment": "2.22.2"
      }
    },
    "ms": {
      "version": "2.0.0",
      "resolved": "https://registry.npmjs.org/ms/-/ms-2.0.0.tgz",
      "integrity": "sha1-VgiurfwAvmwpAd9fmGF4jeDVl8g="
    },
    "mysql2": {
      "version": "1.5.3",
      "resolved": "https://registry.npmjs.org/mysql2/-/mysql2-1.5.3.tgz",
      "integrity": "sha512-Oov36YQSeciNP9SeqE7je4eWgeGADOorXLmsqhtxOJmPGUOJSNJT0s6/eq1Byy4nhXTRQUvlMHsI4Q/eMEs88Q==",
      "requires": {
        "cardinal": "1.0.0",
        "denque": "1.2.3",
        "generate-function": "2.0.0",
        "iconv-lite": "0.4.23",
        "long": "4.0.0",
        "lru-cache": "4.1.1",
        "named-placeholders": "1.1.1",
        "object-assign": "4.1.1",
        "readable-stream": "2.3.5",
        "safe-buffer": "5.1.2",
        "seq-queue": "0.0.5",
        "sqlstring": "2.3.1"
      }
    },
    "named-placeholders": {
      "version": "1.1.1",
      "resolved": "https://registry.npmjs.org/named-placeholders/-/named-placeholders-1.1.1.tgz",
      "integrity": "sha1-O3oNJiA910s6nfTJz7gnsvuQfmQ=",
      "requires": {
        "lru-cache": "2.5.0"
      },
      "dependencies": {
        "lru-cache": {
          "version": "2.5.0",
          "resolved": "https://registry.npmjs.org/lru-cache/-/lru-cache-2.5.0.tgz",
          "integrity": "sha1-2COIrpyWC+y+oMc7uet5tsbOmus="
        }
      }
    },
    "node-uuid": {
      "version": "1.4.8",
      "resolved": "https://registry.npmjs.org/node-uuid/-/node-uuid-1.4.8.tgz",
      "integrity": "sha1-sEDrCSOWivq/jTL7HxfxFn/auQc="
    },
    "oauth-sign": {
      "version": "0.3.0",
      "resolved": "https://registry.npmjs.org/oauth-sign/-/oauth-sign-0.3.0.tgz",
      "integrity": "sha1-y1QPk7srIqfVlBaRoojWDo6pOG4="
    },
    "object-assign": {
      "version": "4.1.1",
      "resolved": "https://registry.npmjs.org/object-assign/-/object-assign-4.1.1.tgz",
      "integrity": "sha1-IQmtx5ZYh8/AXLvUQsrIv7s2CGM="
    },
    "options": {
      "version": "0.0.6",
      "resolved": "https://registry.npmjs.org/options/-/options-0.0.6.tgz",
      "integrity": "sha1-7CLTEoBrtT5zF3Pnza788cZDEo8="
    },
    "os-homedir": {
      "version": "1.0.2",
      "resolved": "https://registry.npmjs.org/os-homedir/-/os-homedir-1.0.2.tgz",
      "integrity": "sha1-/7xJiDNuDoM94MFox+8VISGqf7M="
    },
    "os-tmpdir": {
      "version": "1.0.2",
      "resolved": "https://registry.npmjs.org/os-tmpdir/-/os-tmpdir-1.0.2.tgz",
      "integrity": "sha1-u+Z0BseaqFxc/sdm/lc0VV36EnQ="
    },
    "osenv": {
      "version": "0.1.5",
      "resolved": "https://registry.npmjs.org/osenv/-/osenv-0.1.5.tgz",
      "integrity": "sha512-0CWcCECdMVc2Rw3U5w9ZjqX6ga6ubk1xDVKxtBQPK7wis/0F2r9T6k4ydGYhecl7YUBxBVxhL5oisPsNxAPe2g==",
      "requires": {
        "os-homedir": "1.0.2",
        "os-tmpdir": "1.0.2"
      }
    },
    "prepend-http": {
      "version": "1.0.4",
      "resolved": "https://registry.npmjs.org/prepend-http/-/prepend-http-1.0.4.tgz",
      "integrity": "sha1-1PRWKwzjaW5BrFLQ4ALlemNdxtw="
    },
    "prism-media": {
      "version": "0.0.2",
      "resolved": "https://registry.npmjs.org/prism-media/-/prism-media-0.0.2.tgz",
      "integrity": "sha512-L6yc8P5NVG35ivzvfI7bcTYzqFV+K8gTfX9YaJbmIFfMXTs71RMnAupvTQPTCteGsiOy9QcNLkQyWjAafY/hCQ=="
    },
    "process-nextick-args": {
      "version": "2.0.0",
      "resolved": "https://registry.npmjs.org/process-nextick-args/-/process-nextick-args-2.0.0.tgz",
      "integrity": "sha512-MtEC1TqN0EU5nephaJ4rAtThHtC86dNN9qCuEhtshvpVBkAW5ZO7BASN9REnF9eoXGcRub+pFuKEpOHE+HbEMw=="
    },
    "pseudomap": {
      "version": "1.0.2",
      "resolved": "https://registry.npmjs.org/pseudomap/-/pseudomap-1.0.2.tgz",
      "integrity": "sha1-8FKijacOYYkX7wqKw0wa5aaChrM="
    },
    "qs": {
      "version": "0.6.6",
      "resolved": "https://registry.npmjs.org/qs/-/qs-0.6.6.tgz",
      "integrity": "sha1-bgFQmP9RlouKPIGQAdXyyJvEsQc="
    },
    "readable-stream": {
      "version": "2.3.5",
      "resolved": "https://registry.npmjs.org/readable-stream/-/readable-stream-2.3.5.tgz",
      "integrity": "sha512-tK0yDhrkygt/knjowCUiWP9YdV7c5R+8cR0r/kt9ZhBU906Fs6RpQJCEilamRJj1Nx2rWI6LkW9gKqjTkshhEw==",
      "requires": {
        "core-util-is": "1.0.2",
        "inherits": "2.0.3",
        "isarray": "1.0.0",
        "process-nextick-args": "2.0.0",
        "safe-buffer": "5.1.2",
        "string_decoder": "1.0.3",
        "util-deprecate": "1.0.2"
      }
    },
    "redeyed": {
      "version": "1.0.1",
      "resolved": "https://registry.npmjs.org/redeyed/-/redeyed-1.0.1.tgz",
      "integrity": "sha1-6WwZO0DAgWsArshCaY5hGF5VSYo=",
      "requires": {
        "esprima": "3.0.0"
      }
    },
    "request": {
      "version": "2.27.0",
      "resolved": "https://registry.npmjs.org/request/-/request-2.27.0.tgz",
      "integrity": "sha1-37GiJN06Wput5DNwElA9cQ5Thmg=",
      "requires": {
        "aws-sign": "0.3.0",
        "cookie-jar": "0.3.0",
        "forever-agent": "0.5.2",
        "form-data": "0.1.4",
        "hawk": "1.0.0",
        "http-signature": "0.10.1",
        "json-stringify-safe": "5.0.1",
        "mime": "1.2.11",
        "node-uuid": "1.4.8",
        "oauth-sign": "0.3.0",
        "qs": "0.6.6",
        "tunnel-agent": "0.3.0"
      }
    },
    "retry-as-promised": {
      "version": "2.3.2",
      "resolved": "https://registry.npmjs.org/retry-as-promised/-/retry-as-promised-2.3.2.tgz",
      "integrity": "sha1-zZdO5P2bX+A8vzGHHuSCIcB3N7c=",
      "requires": {
        "bluebird": "3.5.1",
        "debug": "2.6.9"
      },
      "dependencies": {
        "debug": {
          "version": "2.6.9",
          "resolved": "https://registry.npmjs.org/debug/-/debug-2.6.9.tgz",
          "integrity": "sha512-bC7ElrdJaJnPbAP+1EotYvqZsb3ecl5wi6Bfi6BJTUcNowp6cvspg0jXznRTKDjm/E7AdgFBVeAPVMNcKGsHMA==",
          "requires": {
            "ms": "2.0.0"
          }
        }
      }
    },
    "safe-buffer": {
      "version": "5.1.2",
      "resolved": "https://registry.npmjs.org/safe-buffer/-/safe-buffer-5.1.2.tgz",
      "integrity": "sha512-Gd2UZBJDkXlY7GbJxfsE8/nvKkUEU1G38c1siN6QP6a9PT9MmHB8GnpscSmMJSoF8LOIrt8ud/wPtojys4G6+g=="
    },
    "safe-eval": {
      "version": "0.3.0",
      "resolved": "https://registry.npmjs.org/safe-eval/-/safe-eval-0.3.0.tgz",
      "integrity": "sha1-Bs4RHuvZwYWrr/AI7A/P/Fxb4Aw="
    },
    "safer-buffer": {
      "version": "2.1.2",
      "resolved": "https://registry.npmjs.org/safer-buffer/-/safer-buffer-2.1.2.tgz",
      "integrity": "sha512-YZo3K82SD7Riyi0E1EQPojLz7kpepnSQI9IyPbHHg1XXXevb5dJI7tpyN2ADxGcQbHG7vcyRHk0cbwqcQriUtg=="
    },
    "semver": {
      "version": "5.5.0",
      "resolved": "https://registry.npmjs.org/semver/-/semver-5.5.0.tgz",
      "integrity": "sha512-4SJ3dm0WAwWy/NVeioZh5AntkdJoWKxHxcmyP622fOkgHa4z3R0TdBJICINyaSDE6uNwVc8gZr+ZinwZAH4xIA=="
    },
    "seq-queue": {
      "version": "0.0.5",
      "resolved": "https://registry.npmjs.org/seq-queue/-/seq-queue-0.0.5.tgz",
      "integrity": "sha1-1WgS4cAXpuTnw+Ojeh2m143TyT4="
    },
    "sequelize": {
      "version": "4.38.0",
      "resolved": "https://registry.npmjs.org/sequelize/-/sequelize-4.38.0.tgz",
      "integrity": "sha512-ZCcV2HuzU+03xunWgVeyXnPa/RYY5D2U/WUNpq+xF8VmDTLnSDsHl+pEwmiWrpZD7KdBqDczCeTgjToYyVzYQg==",
      "requires": {
        "bluebird": "3.5.1",
        "cls-bluebird": "2.1.0",
        "debug": "3.1.0",
        "depd": "1.1.2",
        "dottie": "2.0.0",
        "generic-pool": "3.4.2",
        "inflection": "1.12.0",
        "lodash": "4.17.10",
        "moment": "2.22.2",
        "moment-timezone": "0.5.21",
        "retry-as-promised": "2.3.2",
        "semver": "5.5.0",
        "terraformer-wkt-parser": "1.2.0",
        "toposort-class": "1.0.1",
        "uuid": "3.3.2",
        "validator": "10.4.0",
        "wkx": "0.4.5"
      },
      "dependencies": {
        "uuid": {
          "version": "3.3.2",
          "resolved": "https://registry.npmjs.org/uuid/-/uuid-3.3.2.tgz",
          "integrity": "sha512-yXJmeNaw3DnnKAOKJE51sL/ZaYfWJRl1pK9dr19YFCu0ObS231AB1/LbqTKRAQ5kw8A90rA6fr4riOUpTZvQZA=="
        }
      }
    },
    "shimmer": {
      "version": "1.2.0",
      "resolved": "https://registry.npmjs.org/shimmer/-/shimmer-1.2.0.tgz",
      "integrity": "sha512-xTCx2vohXC2EWWDqY/zb4+5Mu28D+HYNSOuFzsyRDRvI/e1ICb69afwaUwfjr+25ZXldbOLyp+iDUZHq8UnTag=="
    },
    "slide": {
      "version": "1.1.6",
      "resolved": "https://registry.npmjs.org/slide/-/slide-1.1.6.tgz",
      "integrity": "sha1-VusCfWW00tzmyy4tMsTUr8nh1wc="
    },
    "snekfetch": {
      "version": "3.6.4",
      "resolved": "https://registry.npmjs.org/snekfetch/-/snekfetch-3.6.4.tgz",
      "integrity": "sha512-NjxjITIj04Ffqid5lqr7XdgwM7X61c/Dns073Ly170bPQHLm6jkmelye/eglS++1nfTWktpP6Y2bFXjdPlQqdw=="
    },
    "sntp": {
      "version": "0.2.4",
      "resolved": "https://registry.npmjs.org/sntp/-/sntp-0.2.4.tgz",
      "integrity": "sha1-+4hfGLDzqtGJ+CSGJTa87ux1CQA=",
      "requires": {
        "hoek": "0.9.1"
      }
    },
    "sqlstring": {
      "version": "2.3.1",
      "resolved": "https://registry.npmjs.org/sqlstring/-/sqlstring-2.3.1.tgz",
      "integrity": "sha1-R1OT/56RR5rqYtyvDKPRSYOn+0A="
    },
    "stack-trace": {
      "version": "0.0.10",
      "resolved": "https://registry.npmjs.org/stack-trace/-/stack-trace-0.0.10.tgz",
      "integrity": "sha1-VHxws0fo0ytOEI6hoqFZ5f3eGcA="
    },
    "string_decoder": {
      "version": "1.0.3",
      "resolved": "https://registry.npmjs.org/string_decoder/-/string_decoder-1.0.3.tgz",
      "integrity": "sha512-4AH6Z5fzNNBcH+6XDMfA/BTt87skxqJlO0lAh3Dker5zThcAxG6mKz+iGu308UKoPPQ8Dcqx/4JhujzltRa+hQ==",
      "requires": {
        "safe-buffer": "5.1.2"
      }
    },
    "terraformer": {
      "version": "1.0.9",
      "resolved": "https://registry.npmjs.org/terraformer/-/terraformer-1.0.9.tgz",
      "integrity": "sha512-YlmQ1fsMWTkKGDGibCRWgmLzrpDRUr63Q025LJ/taYQ6j1Yb8q9McKF7NBi6ACAyUXO6F/bl9w6v4MY307y5Ag==",
      "requires": {
        "@types/geojson": "1.0.6"
      }
    },
    "terraformer-wkt-parser": {
      "version": "1.2.0",
      "resolved": "https://registry.npmjs.org/terraformer-wkt-parser/-/terraformer-wkt-parser-1.2.0.tgz",
      "integrity": "sha512-QU3iA54St5lF8Za1jg1oj4NYc8sn5tCZ08aNSWDeGzrsaV48eZk1iAVWasxhNspYBoCqdHuoot1pUTUrE1AJ4w==",
      "requires": {
        "@types/geojson": "1.0.6",
        "terraformer": "1.0.9"
      }
    },
    "timed-out": {
      "version": "4.0.1",
      "resolved": "https://registry.npmjs.org/timed-out/-/timed-out-4.0.1.tgz",
      "integrity": "sha1-8y6srFoXW+ol1/q1Zas+2HQe9W8="
    },
    "toposort-class": {
      "version": "1.0.1",
      "resolved": "https://registry.npmjs.org/toposort-class/-/toposort-class-1.0.1.tgz",
      "integrity": "sha1-f/0feMi+KMO6Rc1OGj9e4ZO9mYg="
    },
    "tunnel-agent": {
      "version": "0.3.0",
      "resolved": "https://registry.npmjs.org/tunnel-agent/-/tunnel-agent-0.3.0.tgz",
      "integrity": "sha1-rWgbaPUyGtKCfEz7G31d8s/pQu4="
    },
    "tweetnacl": {
      "version": "0.14.5",
      "resolved": "https://registry.npmjs.org/tweetnacl/-/tweetnacl-0.14.5.tgz",
      "integrity": "sha1-WuaBd/GS1EViadEIr6k/+HQ/T2Q="
    },
    "ultron": {
      "version": "1.0.2",
      "resolved": "https://registry.npmjs.org/ultron/-/ultron-1.0.2.tgz",
      "integrity": "sha1-rOEWq1V80Zc4ak6I9GhTeMiy5Po="
    },
    "unzip-response": {
      "version": "2.0.1",
      "resolved": "https://registry.npmjs.org/unzip-response/-/unzip-response-2.0.1.tgz",
      "integrity": "sha1-0vD3N9FrBhXnKmk17QQhRXLVb5c="
    },
    "url-parse-lax": {
      "version": "1.0.0",
      "resolved": "https://registry.npmjs.org/url-parse-lax/-/url-parse-lax-1.0.0.tgz",
      "integrity": "sha1-evjzA2Rem9eaJy56FKxovAYJ2nM=",
      "requires": {
        "prepend-http": "1.0.4"
      }
    },
    "util-deprecate": {
      "version": "1.0.2",
      "resolved": "https://registry.npmjs.org/util-deprecate/-/util-deprecate-1.0.2.tgz",
      "integrity": "sha1-RQ1Nyfpw3nMnYvvS1KKJgUGaDM8="
    },
    "uuid": {
      "version": "2.0.3",
      "resolved": "https://registry.npmjs.org/uuid/-/uuid-2.0.3.tgz",
      "integrity": "sha1-Z+LoY3lyFVMN/zGOW/nc6/1Hsho="
    },
    "validator": {
      "version": "10.4.0",
      "resolved": "https://registry.npmjs.org/validator/-/validator-10.4.0.tgz",
      "integrity": "sha512-Q/wBy3LB1uOyssgNlXSRmaf22NxjvDNZM2MtIQ4jaEOAB61xsh1TQxsq1CgzUMBV1lDrVMogIh8GjG1DYW0zLg=="
    },
    "winston": {
      "version": "2.4.3",
      "resolved": "https://registry.npmjs.org/winston/-/winston-2.4.3.tgz",
      "integrity": "sha512-GYKuysPz2pxYAVJD2NPsDLP5Z79SDEzPm9/j4tCjkF/n89iBNGBMJcR+dMUqxgPNgoSs6fVygPi+Vl2oxIpBuw==",
      "requires": {
        "async": "1.0.0",
        "colors": "1.0.3",
        "cycle": "1.0.3",
        "eyes": "0.1.8",
        "isstream": "0.1.2",
        "stack-trace": "0.0.10"
      }
    },
    "wkx": {
      "version": "0.4.5",
      "resolved": "https://registry.npmjs.org/wkx/-/wkx-0.4.5.tgz",
      "integrity": "sha512-01dloEcJZAJabLO5XdcRgqdKpmnxS0zIT02LhkdWOZX2Zs2tPM6hlZ4XG9tWaWur1Qd1OO4kJxUbe2+5BofvnA==",
      "requires": {
        "@types/node": "10.5.1"
      }
    },
    "write-file-atomic": {
      "version": "1.3.4",
      "resolved": "https://registry.npmjs.org/write-file-atomic/-/write-file-atomic-1.3.4.tgz",
      "integrity": "sha1-+Aek8LHZ6ROuekgRLmzDrxmRtF8=",
      "requires": {
        "graceful-fs": "4.1.11",
        "imurmurhash": "0.1.4",
        "slide": "1.1.6"
      }
    },
    "ws": {
      "version": "1.1.5",
      "resolved": "https://registry.npmjs.org/ws/-/ws-1.1.5.tgz",
      "integrity": "sha512-o3KqipXNUdS7wpQzBHSe180lBGO60SoK0yVo3CYJgb2MkobuWuBX6dhkYP5ORCLd55y+SaflMOV5fqAB53ux4w==",
      "requires": {
        "options": "0.0.6",
        "ultron": "1.0.2"
      }
    },
    "xdg-basedir": {
      "version": "2.0.0",
      "resolved": "https://registry.npmjs.org/xdg-basedir/-/xdg-basedir-2.0.0.tgz",
      "integrity": "sha1-7byQPMOF/ARSPZZqM1UEtVBNG9I=",
      "requires": {
        "os-homedir": "1.0.2"
      }
    },
    "yallist": {
      "version": "2.1.2",
      "resolved": "https://registry.npmjs.org/yallist/-/yallist-2.1.2.tgz",
      "integrity": "sha1-HBH5IY8HYImkfdUS+TxmmaaoHVI="
    }
  }
}
